
Microsoft Visual Studio Solution File, Format Version 12.00
# Visual Studio Version 16
VisualStudioVersion = 16.0.30907.101
MinimumVisualStudioVersion = 10.0.40219.1
Project("{F184B08F-C81C-45F6-A57F-5ABD9991F28F}") = "ConvertAndValidate", "ConvertAndValidate.vbproj", "{450E72D1-FEB9-4A55-9F19-2DD21DCFEBB3}"
EndProject
Global
	GlobalSection(SolutionConfigurationPlatforms) = preSolution
		Debug|Any CPU = Debug|Any CPU
		Release|Any CPU = Release|Any CPU
	EndGlobalSection
	GlobalSection(ProjectConfigurationPlatforms) = postSolution
		{450E72D1-FEB9-4A55-9F19-2DD21DCFEBB3}.Debug|Any CPU.ActiveCfg = Debug|Any CPU
		{450E72D1-FEB9-4A55-9F19-2DD21DCFEBB3}.Debug|Any CPU.Build.0 = Debug|Any CPU
		{450E72D1-FEB9-4A55-9F19-2DD21DCFEBB3}.Release|Any CPU.ActiveCfg = Release|Any CPU
		{450E72D1-FEB9-4A55-9F19-2DD21DCFEBB3}.Release|Any CPU.Build.0 = Release|Any CPU
	EndGlobalSection
	GlobalSection(SolutionProperties) = preSolution
		HideSolutionNode = FALSE
	EndGlobalSection
	GlobalSection(ExtensibilityGlobals) = postSolution
		SolutionGuid = {C29C612B-9C8B-4607-939B-E9372E1079C3}
	EndGlobalSection
EndGlobal
